{
  "name": "rottery",
  "lockfileVersion": 2,
  "requires": true,
  "packages": {
    "": {
      "dependencies": {
        "@metamask/detect-provider": "^1.2.0",
        "metamask": "^0.0.1-security"
      }
    },
    "node_modules/@metamask/detect-provider": {
      "version": "1.2.0",
      "resolved": "https://registry.npmjs.org/@metamask/detect-provider/-/detect-provider-1.2.0.tgz",
      "integrity": "sha512-ocA76vt+8D0thgXZ7LxFPyqw3H7988qblgzddTDA6B8a/yU0uKV42QR/DhA+Jh11rJjxW0jKvwb5htA6krNZDQ==",
      "engines": {
        "node": ">= 10"
      }
    },
    "node_modules/metamask": {
      "version": "0.0.1-security",
      "resolved": "https://registry.npmjs.org/metamask/-/metamask-0.0.1-security.tgz",
      "integrity": "sha512-19IFlzWLWGnVII4uArg1m6rGw1CkA7QYtpsc9IpHekcaAz0oZ9sUuB89MseBeE0WAfqGN74NrnYiI9XPVx0AmQ=="
    }
  },
  "dependencies": {
    "@metamask/detect-provider": {
      "version": "1.2.0",
      "resolved": "https://registry.npmjs.org/@metamask/detect-provider/-/detect-provider-1.2.0.tgz",
      "integrity": "sha512-ocA76vt+8D0thgXZ7LxFPyqw3H7988qblgzddTDA6B8a/yU0uKV42QR/DhA+Jh11rJjxW0jKvwb5htA6krNZDQ=="
    },
    "metamask": {
      "version": "0.0.1-security",
      "resolved": "https://registry.npmjs.org/metamask/-/metamask-0.0.1-security.tgz",
      "integrity": "sha512-19IFlzWLWGnVII4uArg1m6rGw1CkA7QYtpsc9IpHekcaAz0oZ9sUuB89MseBeE0WAfqGN74NrnYiI9XPVx0AmQ=="
    }
  }
}
